Microsoft Visual Studio Solution File, Format Version 12.00
# Visual Studio 2013
VisualStudioVersion = 12.0.21005.1
MinimumVisualStudioVersion = 10.0.40219.1
Project("{FAE04EC0-301F-11D3-BF4B-00C04F79EFBC}") = "BLL", "BLL\BLL.csproj", "{38D7AA58-C95B-449B-86C6-A8073A56E11F}"
EndProject
Project("{FAE04EC0-301F-11D3-BF4B-00C04F79EFBC}") = "Model", "Model\Model.csproj", "{53995DBB-9836-4647-AD22-865884FDEB9E}"
EndProject
Project("{FAE04EC0-301F-11D3-BF4B-00C04F79EFBC}") = "DAL", "DAL\DAL.csproj", "{9FE00521-3A8B-42B1-814E-585E99407B2E}"
EndProject
Project("{FAE04EC0-301F-11D3-BF4B-00C04F79EFBC}") = "DBUtility", "DBUtility\DBUtility.csproj", "{0988C62E-247F-471F-A183-DB509C7A3839}"
EndProject
Project("{FAE04EC0-301F-11D3-BF4B-00C04F79EFBC}") = "CollectionForm", "CollectionForm\CollectionForm.csproj", "{391EB218-AE2F-4FD7-9480-44221DAB2E4F}"
EndProject
Project("{FAE04EC0-301F-11D3-BF4B-00C04F79EFBC}") = "ISite", "SiteFactory\ISite.csproj", "{1D8A0ECC-80DC-4247-8E44-3749DFFB8230}"
EndProject
Project("{FAE04EC0-301F-11D3-BF4B-00C04F79EFBC}") = "SiteFactory", "ISite\SiteFactory.csproj", "{FB71EF67-2765-4CEA-B360-B2B0CE8D42D7}"
EndProject
Project("{FAE04EC0-301F-11D3-BF4B-00C04F79EFBC}") = "XiaoMiShuSite", "XiaoMiShuSite\XiaoMiShuSite.csproj", "{3744C321-CE86-4449-9FA3-278FE2DE6595}"
EndProject
Project("{FAE04EC0-301F-11D3-BF4B-00C04F79EFBC}") = "SiteLogic", "SiteBll\SiteLogic.csproj", "{4351DB96-568C-4869-879C-D4D1D879C41C}"
EndProject
Project("{FAE04EC0-301F-11D3-BF4B-00C04F79EFBC}") = "FanQieKuaiDianSite", "FanQieKuaiDian\FanQieKuaiDianSite.csproj", "{89D670D4-EF5F-43DB-ADD0-E9BF5F040FF9}"
EndProject
Project("{FAE04EC0-301F-11D3-BF4B-00C04F79EFBC}") = "Cyooy", "Cyooy\Cyooy.csproj", "{56E094E0-2267-4D85-AA3A-612EFCA0D760}"
EndProject
Project("{FAE04EC0-301F-11D3-BF4B-00C04F79EFBC}") = "Epinle", "Epinle\Epinle.csproj", "{114CC6F2-4EDF-41F7-BFAC-FB27D367AF3F}"
EndProject
Project("{FAE04EC0-301F-11D3-BF4B-00C04F79EFBC}") = "ScFood", "ScFood\ScFood.csproj", "{D5953495-8430-4822-9D55-0539DB375C8A}"
EndProject
Project("{FAE04EC0-301F-11D3-BF4B-00C04F79EFBC}") = "CollectionLogic", "CollectionLogic\CollectionLogic.csproj", "{BC033EBE-914D-4106-8BB8-91426249FB19}"
EndProject
Project("{FAE04EC0-301F-11D3-BF4B-00C04F79EFBC}") = "XmFish", "XmFish\XmFish.csproj", "{F84AD3AC-10C8-4D34-A0DD-E9A8A9953758}"
EndProject
Project("{FAE04EC0-301F-11D3-BF4B-00C04F79EFBC}") = "Echiele", "Echiele\Echiele.csproj", "{5976E58A-7CAE-4B9C-9892-BC3957601F9E}"
EndProject
Project("{FAE04EC0-301F-11D3-BF4B-00C04F79EFBC}") = "AbstractSite", "AbstractSite\AbstractSite.csproj", "{29F6C4A5-F9B7-48D0-9B57-F73A909D98ED}"
EndProject
Project("{FAE04EC0-301F-11D3-BF4B-00C04F79EFBC}") = "FanTong", "FanTong\FanTong.csproj", "{0A279DBE-C583-4E6D-AA63-7204622FE9E3}"
EndProject
Project("{FAE04EC0-301F-11D3-BF4B-00C04F79EFBC}") = "YuKuai", "YuKuai\YuKuai.csproj", "{D368D96B-6BFC-448D-B1B5-8769567FF396}"
EndProject
Project("{FAE04EC0-301F-11D3-BF4B-00C04F79EFBC}") = "DuoMiFan", "DuoMiFan\DuoMiFan.csproj", "{FB0A00AC-76AC-473A-A841-2BA294654A99}"
EndProject
Project("{FAE04EC0-301F-11D3-BF4B-00C04F79EFBC}") = "DianPing", "DianPing\DianPing.csproj", "{6F71525B-D159-4C8A-98F4-2A9699480FC9}"
EndProject
Project("{FAE04EC0-301F-11D3-BF4B-00C04F79EFBC}") = "ApplicationUtility", "ApplicationUtility\ApplicationUtility.csproj", "{9E63C6E7-AF70-41B9-A5EC-01D5AA7D3034}"
EndProject
Global
	GlobalSection(SolutionConfigurationPlatforms) = preSolution
		Debug|.NET = Debug|.NET
		Debug|Any CPU = Debug|Any CPU
		Debug|Mixed Platforms = Debug|Mixed Platforms
		Debug|x86 = Debug|x86
		Release|.NET = Release|.NET
		Release|Any CPU = Release|Any CPU
		Release|Mixed Platforms = Release|Mixed Platforms
		Release|x86 = Release|x86
	EndGlobalSection
	GlobalSection(ProjectConfigurationPlatforms) = postSolution
		{38D7AA58-C95B-449B-86C6-A8073A56E11F}.Debug|.NET.ActiveCfg = Debug|Any CPU
		{38D7AA58-C95B-449B-86C6-A8073A56E11F}.Debug|Any CPU.ActiveCfg = Debug|Any CPU
		{38D7AA58-C95B-449B-86C6-A8073A56E11F}.Debug|Any CPU.Build.0 = Debug|Any CPU
		{38D7AA58-C95B-449B-86C6-A8073A56E11F}.Debug|Mixed Platforms.ActiveCfg = Debug|Any CPU
		{38D7AA58-C95B-449B-86C6-A8073A56E11F}.Debug|Mixed Platforms.Build.0 = Debug|Any CPU
		{38D7AA58-C95B-449B-86C6-A8073A56E11F}.Debug|x86.ActiveCfg = Debug|Any CPU
		{38D7AA58-C95B-449B-86C6-A8073A56E11F}.Debug|x86.Build.0 = Debug|Any CPU
		{38D7AA58-C95B-449B-86C6-A8073A56E11F}.Release|.NET.ActiveCfg = Release|Any CPU
		{38D7AA58-C95B-449B-86C6-A8073A56E11F}.Release|Any CPU.ActiveCfg = Release|Any CPU
		{38D7AA58-C95B-449B-86C6-A8073A56E11F}.Release|Any CPU.Build.0 = Release|Any CPU
		{38D7AA58-C95B-449B-86C6-A8073A56E11F}.Release|Mixed Platforms.ActiveCfg = Release|Any CPU
		{38D7AA58-C95B-449B-86C6-A8073A56E11F}.Release|Mixed Platforms.Build.0 = Release|Any CPU
		{38D7AA58-C95B-449B-86C6-A8073A56E11F}.Release|x86.ActiveCfg = Release|Any CPU
		{53995DBB-9836-4647-AD22-865884FDEB9E}.Debug|.NET.ActiveCfg = Debug|Any CPU
		{53995DBB-9836-4647-AD22-865884FDEB9E}.Debug|Any CPU.ActiveCfg = Debug|Any CPU
		{53995DBB-9836-4647-AD22-865884FDEB9E}.Debug|Any CPU.Build.0 = Debug|Any CPU
		{53995DBB-9836-4647-AD22-865884FDEB9E}.Debug|Mixed Platforms.ActiveCfg = Debug|Any CPU
		{53995DBB-9836-4647-AD22-865884FDEB9E}.Debug|Mixed Platforms.Build.0 = Debug|Any CPU
		{53995DBB-9836-4647-AD22-865884FDEB9E}.Debug|x86.ActiveCfg = Debug|Any CPU
		{53995DBB-9836-4647-AD22-865884FDEB9E}.Debug|x86.Build.0 = Debug|Any CPU
		{53995DBB-9836-4647-AD22-865884FDEB9E}.Release|.NET.ActiveCfg = Release|Any CPU
		{53995DBB-9836-4647-AD22-865884FDEB9E}.Release|Any CPU.ActiveCfg = Release|Any CPU
		{53995DBB-9836-4647-AD22-865884FDEB9E}.Release|Any CPU.Build.0 = Release|Any CPU
		{53995DBB-9836-4647-AD22-865884FDEB9E}.Release|Mixed Platforms.ActiveCfg = Release|Any CPU
		{53995DBB-9836-4647-AD22-865884FDEB9E}.Release|Mixed Platforms.Build.0 = Release|Any CPU
		{53995DBB-9836-4647-AD22-865884FDEB9E}.Release|x86.ActiveCfg = Release|Any CPU
		{9FE00521-3A8B-42B1-814E-585E99407B2E}.Debug|.NET.ActiveCfg = Debug|Any CPU
		{9FE00521-3A8B-42B1-814E-585E99407B2E}.Debug|Any CPU.ActiveCfg = Debug|Any CPU
		{9FE00521-3A8B-42B1-814E-585E99407B2E}.Debug|Any CPU.Build.0 = Debug|Any CPU
		{9FE00521-3A8B-42B1-814E-585E99407B2E}.Debug|Mixed Platforms.ActiveCfg = Debug|Any CPU
		{9FE00521-3A8B-42B1-814E-585E99407B2E}.Debug|Mixed Platforms.Build.0 = Debug|Any CPU
		{9FE00521-3A8B-42B1-814E-585E99407B2E}.Debug|x86.ActiveCfg = Debug|Any CPU
		{9FE00521-3A8B-42B1-814E-585E99407B2E}.Debug|x86.Build.0 = Debug|Any CPU
		{9FE00521-3A8B-42B1-814E-585E99407B2E}.Release|.NET.ActiveCfg = Release|Any CPU
		{9FE00521-3A8B-42B1-814E-585E99407B2E}.Release|Any CPU.ActiveCfg = Release|Any CPU
		{9FE00521-3A8B-42B1-814E-585E99407B2E}.Release|Any CPU.Build.0 = Release|Any CPU
		{9FE00521-3A8B-42B1-814E-585E99407B2E}.Release|Mixed Platforms.ActiveCfg = Release|Any CPU
		{9FE00521-3A8B-42B1-814E-585E99407B2E}.Release|Mixed Platforms.Build.0 = Release|Any CPU
		{9FE00521-3A8B-42B1-814E-585E99407B2E}.Release|x86.ActiveCfg = Release|Any CPU
		{0988C62E-247F-471F-A183-DB509C7A3839}.Debug|.NET.ActiveCfg = Debug|Any CPU
		{0988C62E-247F-471F-A183-DB509C7A3839}.Debug|Any CPU.ActiveCfg = Debug|Any CPU
		{0988C62E-247F-471F-A183-DB509C7A3839}.Debug|Any CPU.Build.0 = Debug|Any CPU
		{0988C62E-247F-471F-A183-DB509C7A3839}.Debug|Mixed Platforms.ActiveCfg = Debug|Any CPU
		{0988C62E-247F-471F-A183-DB509C7A3839}.Debug|Mixed Platforms.Build.0 = Debug|Any CPU
		{0988C62E-247F-471F-A183-DB509C7A3839}.Debug|x86.ActiveCfg = Debug|Any CPU
		{0988C62E-247F-471F-A183-DB509C7A3839}.Debug|x86.Build.0 = Debug|Any CPU
		{0988C62E-247F-471F-A183-DB509C7A3839}.Release|.NET.ActiveCfg = Release|Any CPU
		{0988C62E-247F-471F-A183-DB509C7A3839}.Release|Any CPU.ActiveCfg = Release|Any CPU
		{0988C62E-247F-471F-A183-DB509C7A3839}.Release|Any CPU.Build.0 = Release|Any CPU
		{0988C62E-247F-471F-A183-DB509C7A3839}.Release|Mixed Platforms.ActiveCfg = Release|Any CPU
		{0988C62E-247F-471F-A183-DB509C7A3839}.Release|Mixed Platforms.Build.0 = Release|Any CPU
		{0988C62E-247F-471F-A183-DB509C7A3839}.Release|x86.ActiveCfg = Release|Any CPU
		{391EB218-AE2F-4FD7-9480-44221DAB2E4F}.Debug|.NET.ActiveCfg = Debug|Any CPU
		{391EB218-AE2F-4FD7-9480-44221DAB2E4F}.Debug|Any CPU.ActiveCfg = Debug|Any CPU
		{391EB218-AE2F-4FD7-9480-44221DAB2E4F}.Debug|Any CPU.Build.0 = Debug|Any CPU
		{391EB218-AE2F-4FD7-9480-44221DAB2E4F}.Debug|Mixed Platforms.ActiveCfg = Debug|Any CPU
		{391EB218-AE2F-4FD7-9480-44221DAB2E4F}.Debug|Mixed Platforms.Build.0 = Debug|Any CPU
		{391EB218-AE2F-4FD7-9480-44221DAB2E4F}.Debug|x86.ActiveCfg = Debug|Any CPU
		{391EB218-AE2F-4FD7-9480-44221DAB2E4F}.Debug|x86.Build.0 = Debug|Any CPU
		{391EB218-AE2F-4FD7-9480-44221DAB2E4F}.Release|.NET.ActiveCfg = Release|Any CPU
		{391EB218-AE2F-4FD7-9480-44221DAB2E4F}.Release|Any CPU.ActiveCfg = Release|Any CPU
		{391EB218-AE2F-4FD7-9480-44221DAB2E4F}.Release|Any CPU.Build.0 = Release|Any CPU
		{391EB218-AE2F-4FD7-9480-44221DAB2E4F}.Release|Mixed Platforms.ActiveCfg = Release|Any CPU
		{391EB218-AE2F-4FD7-9480-44221DAB2E4F}.Release|Mixed Platforms.Build.0 = Release|Any CPU
		{391EB218-AE2F-4FD7-9480-44221DAB2E4F}.Release|x86.ActiveCfg = Release|Any CPU
		{1D8A0ECC-80DC-4247-8E44-3749DFFB8230}.Debug|.NET.ActiveCfg = Debug|Any CPU
		{1D8A0ECC-80DC-4247-8E44-3749DFFB8230}.Debug|Any CPU.ActiveCfg = Debug|Any CPU
		{1D8A0ECC-80DC-4247-8E44-3749DFFB8230}.Debug|Any CPU.Build.0 = Debug|Any CPU
		{1D8A0ECC-80DC-4247-8E44-3749DFFB8230}.Debug|Mixed Platforms.ActiveCfg = Debug|Any CPU
		{1D8A0ECC-80DC-4247-8E44-3749DFFB8230}.Debug|Mixed Platforms.Build.0 = Debug|Any CPU
		{1D8A0ECC-80DC-4247-8E44-3749DFFB8230}.Debug|x86.ActiveCfg = Debug|Any CPU
		{1D8A0ECC-80DC-4247-8E44-3749DFFB8230}.Debug|x86.Build.0 = Debug|Any CPU
		{1D8A0ECC-80DC-4247-8E44-3749DFFB8230}.Release|.NET.ActiveCfg = Release|Any CPU
		{1D8A0ECC-80DC-4247-8E44-3749DFFB8230}.Release|Any CPU.ActiveCfg = Release|Any CPU
		{1D8A0ECC-80DC-4247-8E44-3749DFFB8230}.Release|Any CPU.Build.0 = Release|Any CPU
		{1D8A0ECC-80DC-4247-8E44-3749DFFB8230}.Release|Mixed Platforms.ActiveCfg = Release|Any CPU
		{1D8A0ECC-80DC-4247-8E44-3749DFFB8230}.Release|Mixed Platforms.Build.0 = Release|Any CPU
		{1D8A0ECC-80DC-4247-8E44-3749DFFB8230}.Release|x86.ActiveCfg = Release|Any CPU
		{FB71EF67-2765-4CEA-B360-B2B0CE8D42D7}.Debug|.NET.ActiveCfg = Debug|Any CPU
		{FB71EF67-2765-4CEA-B360-B2B0CE8D42D7}.Debug|Any CPU.ActiveCfg = Debug|Any CPU
		{FB71EF67-2765-4CEA-B360-B2B0CE8D42D7}.Debug|Any CPU.Build.0 = Debug|Any CPU
		{FB71EF67-2765-4CEA-B360-B2B0CE8D42D7}.Debug|Mixed Platforms.ActiveCfg = Debug|Any CPU
		{FB71EF67-2765-4CEA-B360-B2B0CE8D42D7}.Debug|Mixed Platforms.Build.0 = Debug|Any CPU
		{FB71EF67-2765-4CEA-B360-B2B0CE8D42D7}.Debug|x86.ActiveCfg = Debug|Any CPU
		{FB71EF67-2765-4CEA-B360-B2B0CE8D42D7}.Debug|x86.Build.0 = Debug|Any CPU
		{FB71EF67-2765-4CEA-B360-B2B0CE8D42D7}.Release|.NET.ActiveCfg = Release|Any CPU
		{FB71EF67-2765-4CEA-B360-B2B0CE8D42D7}.Release|Any CPU.ActiveCfg = Release|Any CPU
		{FB71EF67-2765-4CEA-B360-B2B0CE8D42D7}.Release|Any CPU.Build.0 = Release|Any CPU
		{FB71EF67-2765-4CEA-B360-B2B0CE8D42D7}.Release|Mixed Platforms.ActiveCfg = Release|Any CPU
		{FB71EF67-2765-4CEA-B360-B2B0CE8D42D7}.Release|Mixed Platforms.Build.0 = Release|Any CPU
		{FB71EF67-2765-4CEA-B360-B2B0CE8D42D7}.Release|x86.ActiveCfg = Release|Any CPU
		{3744C321-CE86-4449-9FA3-278FE2DE6595}.Debug|.NET.ActiveCfg = Debug|Any CPU
		{3744C321-CE86-4449-9FA3-278FE2DE6595}.Debug|Any CPU.ActiveCfg = Debug|Any CPU
		{3744C321-CE86-4449-9FA3-278FE2DE6595}.Debug|Any CPU.Build.0 = Debug|Any CPU
		{3744C321-CE86-4449-9FA3-278FE2DE6595}.Debug|Mixed Platforms.ActiveCfg = Debug|Any CPU
		{3744C321-CE86-4449-9FA3-278FE2DE6595}.Debug|Mixed Platforms.Build.0 = Debug|Any CPU
		{3744C321-CE86-4449-9FA3-278FE2DE6595}.Debug|x86.ActiveCfg = Debug|Any CPU
		{3744C321-CE86-4449-9FA3-278FE2DE6595}.Debug|x86.Build.0 = Debug|Any CPU
		{3744C321-CE86-4449-9FA3-278FE2DE6595}.Release|.NET.ActiveCfg = Release|Any CPU
		{3744C321-CE86-4449-9FA3-278FE2DE6595}.Release|Any CPU.ActiveCfg = Release|Any CPU
		{3744C321-CE86-4449-9FA3-278FE2DE6595}.Release|Any CPU.Build.0 = Release|Any CPU
		{3744C321-CE86-4449-9FA3-278FE2DE6595}.Release|Mixed Platforms.ActiveCfg = Release|Any CPU
		{3744C321-CE86-4449-9FA3-278FE2DE6595}.Release|Mixed Platforms.Build.0 = Release|Any CPU
		{3744C321-CE86-4449-9FA3-278FE2DE6595}.Release|x86.ActiveCfg = Release|Any CPU
		{4351DB96-568C-4869-879C-D4D1D879C41C}.Debug|.NET.ActiveCfg = Debug|Any CPU
		{4351DB96-568C-4869-879C-D4D1D879C41C}.Debug|Any CPU.ActiveCfg = Debug|Any CPU
		{4351DB96-568C-4869-879C-D4D1D879C41C}.Debug|Any CPU.Build.0 = Debug|Any CPU
		{4351DB96-568C-4869-879C-D4D1D879C41C}.Debug|Mixed Platforms.ActiveCfg = Debug|Any CPU
		{4351DB96-568C-4869-879C-D4D1D879C41C}.Debug|Mixed Platforms.Build.0 = Debug|Any CPU
		{4351DB96-568C-4869-879C-D4D1D879C41C}.Debug|x86.ActiveCfg = Debug|Any CPU
		{4351DB96-568C-4869-879C-D4D1D879C41C}.Debug|x86.Build.0 = Debug|Any CPU
		{4351DB96-568C-4869-879C-D4D1D879C41C}.Release|.NET.ActiveCfg = Release|Any CPU
		{4351DB96-568C-4869-879C-D4D1D879C41C}.Release|Any CPU.ActiveCfg = Release|Any CPU
		{4351DB96-568C-4869-879C-D4D1D879C41C}.Release|Any CPU.Build.0 = Release|Any CPU
		{4351DB96-568C-4869-879C-D4D1D879C41C}.Release|Mixed Platforms.ActiveCfg = Release|Any CPU
		{4351DB96-568C-4869-879C-D4D1D879C41C}.Release|Mixed Platforms.Build.0 = Release|Any CPU
		{4351DB96-568C-4869-879C-D4D1D879C41C}.Release|x86.ActiveCfg = Release|Any CPU
		{89D670D4-EF5F-43DB-ADD0-E9BF5F040FF9}.Debug|.NET.ActiveCfg = Debug|Any CPU
		{89D670D4-EF5F-43DB-ADD0-E9BF5F040FF9}.Debug|Any CPU.ActiveCfg = Debug|Any CPU
		{89D670D4-EF5F-43DB-ADD0-E9BF5F040FF9}.Debug|Any CPU.Build.0 = Debug|Any CPU
		{89D670D4-EF5F-43DB-ADD0-E9BF5F040FF9}.Debug|Mixed Platforms.ActiveCfg = Debug|Any CPU
		{89D670D4-EF5F-43DB-ADD0-E9BF5F040FF9}.Debug|Mixed Platforms.Build.0 = Debug|Any CPU
		{89D670D4-EF5F-43DB-ADD0-E9BF5F040FF9}.Debug|x86.ActiveCfg = Debug|Any CPU
		{89D670D4-EF5F-43DB-ADD0-E9BF5F040FF9}.Debug|x86.Build.0 = Debug|Any CPU
		{89D670D4-EF5F-43DB-ADD0-E9BF5F040FF9}.Release|.NET.ActiveCfg = Release|Any CPU
		{89D670D4-EF5F-43DB-ADD0-E9BF5F040FF9}.Release|Any CPU.ActiveCfg = Release|Any CPU
		{89D670D4-EF5F-43DB-ADD0-E9BF5F040FF9}.Release|Any CPU.Build.0 = Release|Any CPU
		{89D670D4-EF5F-43DB-ADD0-E9BF5F040FF9}.Release|Mixed Platforms.ActiveCfg = Release|Any CPU
		{89D670D4-EF5F-43DB-ADD0-E9BF5F040FF9}.Release|Mixed Platforms.Build.0 = Release|Any CPU
		{89D670D4-EF5F-43DB-ADD0-E9BF5F040FF9}.Release|x86.ActiveCfg = Release|Any CPU
		{56E094E0-2267-4D85-AA3A-612EFCA0D760}.Debug|.NET.ActiveCfg = Debug|Any CPU
		{56E094E0-2267-4D85-AA3A-612EFCA0D760}.Debug|Any CPU.ActiveCfg = Debug|Any CPU
		{56E094E0-2267-4D85-AA3A-612EFCA0D760}.Debug|Any CPU.Build.0 = Debug|Any CPU
		{56E094E0-2267-4D85-AA3A-612EFCA0D760}.Debug|Mixed Platforms.ActiveCfg = Debug|Any CPU
		{56E094E0-2267-4D85-AA3A-612EFCA0D760}.Debug|Mixed Platforms.Build.0 = Debug|Any CPU
		{56E094E0-2267-4D85-AA3A-612EFCA0D760}.Debug|x86.ActiveCfg = Debug|Any CPU
		{56E094E0-2267-4D85-AA3A-612EFCA0D760}.Debug|x86.Build.0 = Debug|Any CPU
		{56E094E0-2267-4D85-AA3A-612EFCA0D760}.Release|.NET.ActiveCfg = Release|Any CPU
		{56E094E0-2267-4D85-AA3A-612EFCA0D760}.Release|Any CPU.ActiveCfg = Release|Any CPU
		{56E094E0-2267-4D85-AA3A-612EFCA0D760}.Release|Any CPU.Build.0 = Release|Any CPU
		{56E094E0-2267-4D85-AA3A-612EFCA0D760}.Release|Mixed Platforms.ActiveCfg = Release|Any CPU
		{56E094E0-2267-4D85-AA3A-612EFCA0D760}.Release|Mixed Platforms.Build.0 = Release|Any CPU
		{56E094E0-2267-4D85-AA3A-612EFCA0D760}.Release|x86.ActiveCfg = Release|Any CPU
		{114CC6F2-4EDF-41F7-BFAC-FB27D367AF3F}.Debug|.NET.ActiveCfg = Debug|Any CPU
		{114CC6F2-4EDF-41F7-BFAC-FB27D367AF3F}.Debug|Any CPU.ActiveCfg = Debug|Any CPU
		{114CC6F2-4EDF-41F7-BFAC-FB27D367AF3F}.Debug|Any CPU.Build.0 = Debug|Any CPU
		{114CC6F2-4EDF-41F7-BFAC-FB27D367AF3F}.Debug|Mixed Platforms.ActiveCfg = Debug|Any CPU
		{114CC6F2-4EDF-41F7-BFAC-FB27D367AF3F}.Debug|Mixed Platforms.Build.0 = Debug|Any CPU
		{114CC6F2-4EDF-41F7-BFAC-FB27D367AF3F}.Debug|x86.ActiveCfg = Debug|Any CPU
		{114CC6F2-4EDF-41F7-BFAC-FB27D367AF3F}.Release|.NET.ActiveCfg = Release|Any CPU
		{114CC6F2-4EDF-41F7-BFAC-FB27D367AF3F}.Release|Any CPU.ActiveCfg = Release|Any CPU
		{114CC6F2-4EDF-41F7-BFAC-FB27D367AF3F}.Release|Any CPU.Build.0 = Release|Any CPU
		{114CC6F2-4EDF-41F7-BFAC-FB27D367AF3F}.Release|Mixed Platforms.ActiveCfg = Release|Any CPU
		{114CC6F2-4EDF-41F7-BFAC-FB27D367AF3F}.Release|Mixed Platforms.Build.0 = Release|Any CPU
		{114CC6F2-4EDF-41F7-BFAC-FB27D367AF3F}.Release|x86.ActiveCfg = Release|Any CPU
		{D5953495-8430-4822-9D55-0539DB375C8A}.Debug|.NET.ActiveCfg = Debug|Any CPU
		{D5953495-8430-4822-9D55-0539DB375C8A}.Debug|Any CPU.ActiveCfg = Debug|Any CPU
		{D5953495-8430-4822-9D55-0539DB375C8A}.Debug|Any CPU.Build.0 = Debug|Any CPU
		{D5953495-8430-4822-9D55-0539DB375C8A}.Debug|Mixed Platforms.ActiveCfg = Debug|Any CPU
		{D5953495-8430-4822-9D55-0539DB375C8A}.Debug|Mixed Platforms.Build.0 = Debug|Any CPU
		{D5953495-8430-4822-9D55-0539DB375C8A}.Debug|x86.ActiveCfg = Debug|Any CPU
		{D5953495-8430-4822-9D55-0539DB375C8A}.Release|.NET.ActiveCfg = Release|Any CPU
		{D5953495-8430-4822-9D55-0539DB375C8A}.Release|Any CPU.ActiveCfg = Release|Any CPU
		{D5953495-8430-4822-9D55-0539DB375C8A}.Release|Any CPU.Build.0 = Release|Any CPU
		{D5953495-8430-4822-9D55-0539DB375C8A}.Release|Mixed Platforms.ActiveCfg = Release|Any CPU
		{D5953495-8430-4822-9D55-0539DB375C8A}.Release|Mixed Platforms.Build.0 = Release|Any CPU
		{D5953495-8430-4822-9D55-0539DB375C8A}.Release|x86.ActiveCfg = Release|Any CPU
		{BC033EBE-914D-4106-8BB8-91426249FB19}.Debug|.NET.ActiveCfg = Debug|Any CPU
		{BC033EBE-914D-4106-8BB8-91426249FB19}.Debug|Any CPU.ActiveCfg = Debug|Any CPU
		{BC033EBE-914D-4106-8BB8-91426249FB19}.Debug|Any CPU.Build.0 = Debug|Any CPU
		{BC033EBE-914D-4106-8BB8-91426249FB19}.Debug|Mixed Platforms.ActiveCfg = Debug|Any CPU
		{BC033EBE-914D-4106-8BB8-91426249FB19}.Debug|Mixed Platforms.Build.0 = Debug|Any CPU
		{BC033EBE-914D-4106-8BB8-91426249FB19}.Debug|x86.ActiveCfg = Debug|Any CPU
		{BC033EBE-914D-4106-8BB8-91426249FB19}.Release|.NET.ActiveCfg = Release|Any CPU
		{BC033EBE-914D-4106-8BB8-91426249FB19}.Release|Any CPU.ActiveCfg = Release|Any CPU
		{BC033EBE-914D-4106-8BB8-91426249FB19}.Release|Any CPU.Build.0 = Release|Any CPU
		{BC033EBE-914D-4106-8BB8-91426249FB19}.Release|Mixed Platforms.ActiveCfg = Release|Any CPU
		{BC033EBE-914D-4106-8BB8-91426249FB19}.Release|Mixed Platforms.Build.0 = Release|Any CPU
		{BC033EBE-914D-4106-8BB8-91426249FB19}.Release|x86.ActiveCfg = Release|Any CPU
		{F84AD3AC-10C8-4D34-A0DD-E9A8A9953758}.Debug|.NET.ActiveCfg = Debug|Any CPU
		{F84AD3AC-10C8-4D34-A0DD-E9A8A9953758}.Debug|Any CPU.ActiveCfg = Debug|Any CPU
		{F84AD3AC-10C8-4D34-A0DD-E9A8A9953758}.Debug|Any CPU.Build.0 = Debug|Any CPU
		{F84AD3AC-10C8-4D34-A0DD-E9A8A9953758}.Debug|Mixed Platforms.ActiveCfg = Debug|Any CPU
		{F84AD3AC-10C8-4D34-A0DD-E9A8A9953758}.Debug|Mixed Platforms.Build.0 = Debug|Any CPU
		{F84AD3AC-10C8-4D34-A0DD-E9A8A9953758}.Debug|x86.ActiveCfg = Debug|Any CPU
		{F84AD3AC-10C8-4D34-A0DD-E9A8A9953758}.Release|.NET.ActiveCfg = Release|Any CPU
		{F84AD3AC-10C8-4D34-A0DD-E9A8A9953758}.Release|Any CPU.ActiveCfg = Release|Any CPU
		{F84AD3AC-10C8-4D34-A0DD-E9A8A9953758}.Release|Any CPU.Build.0 = Release|Any CPU
		{F84AD3AC-10C8-4D34-A0DD-E9A8A9953758}.Release|Mixed Platforms.ActiveCfg = Release|Any CPU
		{F84AD3AC-10C8-4D34-A0DD-E9A8A9953758}.Release|Mixed Platforms.Build.0 = Release|Any CPU
		{F84AD3AC-10C8-4D34-A0DD-E9A8A9953758}.Release|x86.ActiveCfg = Release|Any CPU
		{5976E58A-7CAE-4B9C-9892-BC3957601F9E}.Debug|.NET.ActiveCfg = Debug|Any CPU
		{5976E58A-7CAE-4B9C-9892-BC3957601F9E}.Debug|Any CPU.ActiveCfg = Debug|Any CPU
		{5976E58A-7CAE-4B9C-9892-BC3957601F9E}.Debug|Any CPU.Build.0 = Debug|Any CPU
		{5976E58A-7CAE-4B9C-9892-BC3957601F9E}.Debug|Mixed Platforms.ActiveCfg = Debug|Any CPU
		{5976E58A-7CAE-4B9C-9892-BC3957601F9E}.Debug|Mixed Platforms.Build.0 = Debug|Any CPU
		{5976E58A-7CAE-4B9C-9892-BC3957601F9E}.Debug|x86.ActiveCfg = Debug|Any CPU
		{5976E58A-7CAE-4B9C-9892-BC3957601F9E}.Release|.NET.ActiveCfg = Release|Any CPU
		{5976E58A-7CAE-4B9C-9892-BC3957601F9E}.Release|Any CPU.ActiveCfg = Release|Any CPU
		{5976E58A-7CAE-4B9C-9892-BC3957601F9E}.Release|Any CPU.Build.0 = Release|Any CPU
		{5976E58A-7CAE-4B9C-9892-BC3957601F9E}.Release|Mixed Platforms.ActiveCfg = Release|Any CPU
		{5976E58A-7CAE-4B9C-9892-BC3957601F9E}.Release|Mixed Platforms.Build.0 = Release|Any CPU
		{5976E58A-7CAE-4B9C-9892-BC3957601F9E}.Release|x86.ActiveCfg = Release|Any CPU
		{29F6C4A5-F9B7-48D0-9B57-F73A909D98ED}.Debug|.NET.ActiveCfg = Debug|Any CPU
		{29F6C4A5-F9B7-48D0-9B57-F73A909D98ED}.Debug|Any CPU.ActiveCfg = Debug|Any CPU
		{29F6C4A5-F9B7-48D0-9B57-F73A909D98ED}.Debug|Any CPU.Build.0 = Debug|Any CPU
		{29F6C4A5-F9B7-48D0-9B57-F73A909D98ED}.Debug|Mixed Platforms.ActiveCfg = Debug|Any CPU
		{29F6C4A5-F9B7-48D0-9B57-F73A909D98ED}.Debug|Mixed Platforms.Build.0 = Debug|Any CPU
		{29F6C4A5-F9B7-48D0-9B57-F73A909D98ED}.Debug|x86.ActiveCfg = Debug|Any CPU
		{29F6C4A5-F9B7-48D0-9B57-F73A909D98ED}.Release|.NET.ActiveCfg = Release|Any CPU
		{29F6C4A5-F9B7-48D0-9B57-F73A909D98ED}.Release|Any CPU.ActiveCfg = Release|Any CPU
		{29F6C4A5-F9B7-48D0-9B57-F73A909D98ED}.Release|Any CPU.Build.0 = Release|Any CPU
		{29F6C4A5-F9B7-48D0-9B57-F73A909D98ED}.Release|Mixed Platforms.ActiveCfg = Release|Any CPU
		{29F6C4A5-F9B7-48D0-9B57-F73A909D98ED}.Release|Mixed Platforms.Build.0 = Release|Any CPU
		{29F6C4A5-F9B7-48D0-9B57-F73A909D98ED}.Release|x86.ActiveCfg = Release|Any CPU
		{0A279DBE-C583-4E6D-AA63-7204622FE9E3}.Debug|.NET.ActiveCfg = Debug|Any CPU
		{0A279DBE-C583-4E6D-AA63-7204622FE9E3}.Debug|Any CPU.ActiveCfg = Debug|Any CPU
		{0A279DBE-C583-4E6D-AA63-7204622FE9E3}.Debug|Any CPU.Build.0 = Debug|Any CPU
		{0A279DBE-C583-4E6D-AA63-7204622FE9E3}.Debug|Mixed Platforms.ActiveCfg = Debug|Any CPU
		{0A279DBE-C583-4E6D-AA63-7204622FE9E3}.Debug|Mixed Platforms.Build.0 = Debug|Any CPU
		{0A279DBE-C583-4E6D-AA63-7204622FE9E3}.Debug|x86.ActiveCfg = Debug|Any CPU
		{0A279DBE-C583-4E6D-AA63-7204622FE9E3}.Release|.NET.ActiveCfg = Release|Any CPU
		{0A279DBE-C583-4E6D-AA63-7204622FE9E3}.Release|Any CPU.ActiveCfg = Release|Any CPU
		{0A279DBE-C583-4E6D-AA63-7204622FE9E3}.Release|Any CPU.Build.0 = Release|Any CPU
		{0A279DBE-C583-4E6D-AA63-7204622FE9E3}.Release|Mixed Platforms.ActiveCfg = Release|Any CPU
		{0A279DBE-C583-4E6D-AA63-7204622FE9E3}.Release|Mixed Platforms.Build.0 = Release|Any CPU
		{0A279DBE-C583-4E6D-AA63-7204622FE9E3}.Release|x86.ActiveCfg = Release|Any CPU
		{D368D96B-6BFC-448D-B1B5-8769567FF396}.Debug|.NET.ActiveCfg = Debug|Any CPU
		{D368D96B-6BFC-448D-B1B5-8769567FF396}.Debug|Any CPU.ActiveCfg = Debug|Any CPU
		{D368D96B-6BFC-448D-B1B5-8769567FF396}.Debug|Any CPU.Build.0 = Debug|Any CPU
		{D368D96B-6BFC-448D-B1B5-8769567FF396}.Debug|Mixed Platforms.ActiveCfg = Debug|Any CPU
		{D368D96B-6BFC-448D-B1B5-8769567FF396}.Debug|Mixed Platforms.Build.0 = Debug|Any CPU
		{D368D96B-6BFC-448D-B1B5-8769567FF396}.Debug|x86.ActiveCfg = Debug|Any CPU
		{D368D96B-6BFC-448D-B1B5-8769567FF396}.Release|.NET.ActiveCfg = Release|Any CPU
		{D368D96B-6BFC-448D-B1B5-8769567FF396}.Release|Any CPU.ActiveCfg = Release|Any CPU
		{D368D96B-6BFC-448D-B1B5-8769567FF396}.Release|Any CPU.Build.0 = Release|Any CPU
		{D368D96B-6BFC-448D-B1B5-8769567FF396}.Release|Mixed Platforms.ActiveCfg = Release|Any CPU
		{D368D96B-6BFC-448D-B1B5-8769567FF396}.Release|Mixed Platforms.Build.0 = Release|Any CPU
		{D368D96B-6BFC-448D-B1B5-8769567FF396}.Release|x86.ActiveCfg = Release|Any CPU
		{FB0A00AC-76AC-473A-A841-2BA294654A99}.Debug|.NET.ActiveCfg = Debug|Any CPU
		{FB0A00AC-76AC-473A-A841-2BA294654A99}.Debug|Any CPU.ActiveCfg = Debug|Any CPU
		{FB0A00AC-76AC-473A-A841-2BA294654A99}.Debug|Any CPU.Build.0 = Debug|Any CPU
		{FB0A00AC-76AC-473A-A841-2BA294654A99}.Debug|Mixed Platforms.ActiveCfg = Debug|Any CPU
		{FB0A00AC-76AC-473A-A841-2BA294654A99}.Debug|Mixed Platforms.Build.0 = Debug|Any CPU
		{FB0A00AC-76AC-473A-A841-2BA294654A99}.Debug|x86.ActiveCfg = Debug|Any CPU
		{FB0A00AC-76AC-473A-A841-2BA294654A99}.Release|.NET.ActiveCfg = Release|Any CPU
		{FB0A00AC-76AC-473A-A841-2BA294654A99}.Release|Any CPU.ActiveCfg = Release|Any CPU
		{FB0A00AC-76AC-473A-A841-2BA294654A99}.Release|Any CPU.Build.0 = Release|Any CPU
		{FB0A00AC-76AC-473A-A841-2BA294654A99}.Release|Mixed Platforms.ActiveCfg = Release|Any CPU
		{FB0A00AC-76AC-473A-A841-2BA294654A99}.Release|Mixed Platforms.Build.0 = Release|Any CPU
		{FB0A00AC-76AC-473A-A841-2BA294654A99}.Release|x86.ActiveCfg = Release|Any CPU
		{6F71525B-D159-4C8A-98F4-2A9699480FC9}.Debug|.NET.ActiveCfg = Debug|Any CPU
		{6F71525B-D159-4C8A-98F4-2A9699480FC9}.Debug|Any CPU.ActiveCfg = Debug|Any CPU
		{6F71525B-D159-4C8A-98F4-2A9699480FC9}.Debug|Any CPU.Build.0 = Debug|Any CPU
		{6F71525B-D159-4C8A-98F4-2A9699480FC9}.Debug|Mixed Platforms.ActiveCfg = Debug|Any CPU
		{6F71525B-D159-4C8A-98F4-2A9699480FC9}.Debug|Mixed Platforms.Build.0 = Debug|Any CPU
		{6F71525B-D159-4C8A-98F4-2A9699480FC9}.Debug|x86.ActiveCfg = Debug|Any CPU
		{6F71525B-D159-4C8A-98F4-2A9699480FC9}.Release|.NET.ActiveCfg = Release|Any CPU
		{6F71525B-D159-4C8A-98F4-2A9699480FC9}.Release|Any CPU.ActiveCfg = Release|Any CPU
		{6F71525B-D159-4C8A-98F4-2A9699480FC9}.Release|Any CPU.Build.0 = Release|Any CPU
		{6F71525B-D159-4C8A-98F4-2A9699480FC9}.Release|Mixed Platforms.ActiveCfg = Release|Any CPU
		{6F71525B-D159-4C8A-98F4-2A9699480FC9}.Release|Mixed Platforms.Build.0 = Release|Any CPU
		{6F71525B-D159-4C8A-98F4-2A9699480FC9}.Release|x86.ActiveCfg = Release|Any CPU
		{9E63C6E7-AF70-41B9-A5EC-01D5AA7D3034}.Debug|.NET.ActiveCfg = Debug|Any CPU
		{9E63C6E7-AF70-41B9-A5EC-01D5AA7D3034}.Debug|Any CPU.ActiveCfg = Debug|Any CPU
		{9E63C6E7-AF70-41B9-A5EC-01D5AA7D3034}.Debug|Any CPU.Build.0 = Debug|Any CPU
		{9E63C6E7-AF70-41B9-A5EC-01D5AA7D3034}.Debug|Mixed Platforms.ActiveCfg = Debug|Any CPU
		{9E63C6E7-AF70-41B9-A5EC-01D5AA7D3034}.Debug|Mixed Platforms.Build.0 = Debug|Any CPU
		{9E63C6E7-AF70-41B9-A5EC-01D5AA7D3034}.Debug|x86.ActiveCfg = Debug|Any CPU
		{9E63C6E7-AF70-41B9-A5EC-01D5AA7D3034}.Release|.NET.ActiveCfg = Release|Any CPU
		{9E63C6E7-AF70-41B9-A5EC-01D5AA7D3034}.Release|Any CPU.ActiveCfg = Release|Any CPU
		{9E63C6E7-AF70-41B9-A5EC-01D5AA7D3034}.Release|Any CPU.Build.0 = Release|Any CPU
		{9E63C6E7-AF70-41B9-A5EC-01D5AA7D3034}.Release|Mixed Platforms.ActiveCfg = Release|Any CPU
		{9E63C6E7-AF70-41B9-A5EC-01D5AA7D3034}.Release|Mixed Platforms.Build.0 = Release|Any CPU
		{9E63C6E7-AF70-41B9-A5EC-01D5AA7D3034}.Release|x86.ActiveCfg = Release|Any CPU
	EndGlobalSection
	GlobalSection(SolutionProperties) = preSolution
		HideSolutionNode = FALSE
	EndGlobalSection
	GlobalSection(CodealikeProperties) = postSolution
		SolutionGuid = ed856eef-fa16-4f3d-9d59-e60b5af8372b
	EndGlobalSection
EndGlobal
